
Microsoft Visual Studio Solution File, Format Version 12.00
# Visual Studio Version 17
VisualStudioVersion = 17.0.31903.59
MinimumVisualStudioVersion = 10.0.40219.1
Project("{2150E333-8FDC-42A3-9474-1A3956D46DE8}") = "src", "src", "{827E0CD3-B72D-47B6-A68D-7590B98EB39B}"
EndProject
Project("{FAE04EC0-301F-11D3-BF4B-00C04F79EFBC}") = "Hades.Core", "src\Hades.Core\Hades.Core.csproj", "{FC3EE780-8B0D-45CE-ADEF-81194B7C0AE9}"
EndProject
Project("{FAE04EC0-301F-11D3-BF4B-00C04F79EFBC}") = "Hades.Server", "src\Hades.Server\Hades.Server.csproj", "{9515AD02-70A7-4D5B-B319-BA526845A13D}"
EndProject
Project("{2150E333-8FDC-42A3-9474-1A3956D46DE8}") = "tests", "tests", "{0AB3BF05-4346-4AA6-1389-037BE0695223}"
EndProject
Project("{FAE04EC0-301F-11D3-BF4B-00C04F79EFBC}") = "Hades.Core.Tests", "tests\Hades.Core.Tests\Hades.Core.Tests.csproj", "{A297B4A3-D1C3-4F39-99E3-548E0591D4EB}"
EndProject
Project("{FAE04EC0-301F-11D3-BF4B-00C04F79EFBC}") = "Hades.Server.Tests", "tests\Hades.Server.Tests\Hades.Server.Tests.csproj", "{1CB1B4BF-4D37-4B86-BCE7-C4B7582F7283}"
EndProject
Project("{FAE04EC0-301F-11D3-BF4B-00C04F79EFBC}") = "Hades.Contract", "src\Hades.Contract\Hades.Contract.csproj", "{97247736-E30D-4ED8-83D7-BB70D3492C8B}"
EndProject
Project("{FAE04EC0-301F-11D3-BF4B-00C04F79EFBC}") = "Hades.Contract.Tests", "tests\Hades.Contract.Tests\Hades.Contract.Tests.csproj", "{310388E2-9047-4BE4-8F0E-23FB061F8A74}"
EndProject
Project("{FAE04EC0-301F-11D3-BF4B-00C04F79EFBC}") = "Hades.Cli", "src\Hades.Cli\Hades.Cli.csproj", "{66866E35-E8A5-465A-8E17-862E41EBAC0A}"
EndProject
Project("{FAE04EC0-301F-11D3-BF4B-00C04F79EFBC}") = "Hades.Cli.Tests", "tests\Hades.Cli.Tests\Hades.Cli.Tests.csproj", "{75DAB39E-4D7D-49A1-AAA0-6C3B80EA8E7F}"
EndProject
Project("{FAE04EC0-301F-11D3-BF4B-00C04F79EFBC}") = "Hades.Control.Client", "src\Hades.Control.Client\Hades.Control.Client.csproj", "{C634A1C2-C74B-42DF-93FB-6C02EB7D93C2}"
EndProject
Project("{FAE04EC0-301F-11D3-BF4B-00C04F79EFBC}") = "Hades.Control.Client.Tests", "tests\Hades.Control.Client.Tests\Hades.Control.Client.Tests.csproj", "{2910A61C-B54C-466C-BC3F-02B95C4CC4F7}"
EndProject
Global
	GlobalSection(SolutionConfigurationPlatforms) = preSolution
		Debug|Any CPU = Debug|Any CPU
		Debug|x64 = Debug|x64
		Debug|x86 = Debug|x86
		Release|Any CPU = Release|Any CPU
		Release|x64 = Release|x64
		Release|x86 = Release|x86
	EndGlobalSection
	GlobalSection(ProjectConfigurationPlatforms) = postSolution
		{FC3EE780-8B0D-45CE-ADEF-81194B7C0AE9}.Debug|Any CPU.ActiveCfg = Debug|Any CPU
		{FC3EE780-8B0D-45CE-ADEF-81194B7C0AE9}.Debug|Any CPU.Build.0 = Debug|Any CPU
		{FC3EE780-8B0D-45CE-ADEF-81194B7C0AE9}.Debug|x64.ActiveCfg = Debug|Any CPU
		{FC3EE780-8B0D-45CE-ADEF-81194B7C0AE9}.Debug|x64.Build.0 = Debug|Any CPU
		{FC3EE780-8B0D-45CE-ADEF-81194B7C0AE9}.Debug|x86.ActiveCfg = Debug|Any CPU
		{FC3EE780-8B0D-45CE-ADEF-81194B7C0AE9}.Debug|x86.Build.0 = Debug|Any CPU
		{FC3EE780-8B0D-45CE-ADEF-81194B7C0AE9}.Release|Any CPU.ActiveCfg = Release|Any CPU
		{FC3EE780-8B0D-45CE-ADEF-81194B7C0AE9}.Release|Any CPU.Build.0 = Release|Any CPU
		{FC3EE780-8B0D-45CE-ADEF-81194B7C0AE9}.Release|x64.ActiveCfg = Release|Any CPU
		{FC3EE780-8B0D-45CE-ADEF-81194B7C0AE9}.Release|x64.Build.0 = Release|Any CPU
		{FC3EE780-8B0D-45CE-ADEF-81194B7C0AE9}.Release|x86.ActiveCfg = Release|Any CPU
		{FC3EE780-8B0D-45CE-ADEF-81194B7C0AE9}.Release|x86.Build.0 = Release|Any CPU
		{9515AD02-70A7-4D5B-B319-BA526845A13D}.Debug|Any CPU.ActiveCfg = Debug|Any CPU
		{9515AD02-70A7-4D5B-B319-BA526845A13D}.Debug|Any CPU.Build.0 = Debug|Any CPU
		{9515AD02-70A7-4D5B-B319-BA526845A13D}.Debug|x64.ActiveCfg = Debug|Any CPU
		{9515AD02-70A7-4D5B-B319-BA526845A13D}.Debug|x64.Build.0 = Debug|Any CPU
		{9515AD02-70A7-4D5B-B319-BA526845A13D}.Debug|x86.ActiveCfg = Debug|Any CPU
		{9515AD02-70A7-4D5B-B319-BA526845A13D}.Debug|x86.Build.0 = Debug|Any CPU
		{9515AD02-70A7-4D5B-B319-BA526845A13D}.Release|Any CPU.ActiveCfg = Release|Any CPU
		{9515AD02-70A7-4D5B-B319-BA526845A13D}.Release|Any CPU.Build.0 = Release|Any CPU
		{9515AD02-70A7-4D5B-B319-BA526845A13D}.Release|x64.ActiveCfg = Release|Any CPU
		{9515AD02-70A7-4D5B-B319-BA526845A13D}.Release|x64.Build.0 = Release|Any CPU
		{9515AD02-70A7-4D5B-B319-BA526845A13D}.Release|x86.ActiveCfg = Release|Any CPU
		{9515AD02-70A7-4D5B-B319-BA526845A13D}.Release|x86.Build.0 = Release|Any CPU
		{A297B4A3-D1C3-4F39-99E3-548E0591D4EB}.Debug|Any CPU.ActiveCfg = Debug|Any CPU
		{A297B4A3-D1C3-4F39-99E3-548E0591D4EB}.Debug|Any CPU.Build.0 = Debug|Any CPU
		{A297B4A3-D1C3-4F39-99E3-548E0591D4EB}.Debug|x64.ActiveCfg = Debug|Any CPU
		{A297B4A3-D1C3-4F39-99E3-548E0591D4EB}.Debug|x64.Build.0 = Debug|Any CPU
		{A297B4A3-D1C3-4F39-99E3-548E0591D4EB}.Debug|x86.ActiveCfg = Debug|Any CPU
		{A297B4A3-D1C3-4F39-99E3-548E0591D4EB}.Debug|x86.Build.0 = Debug|Any CPU
		{A297B4A3-D1C3-4F39-99E3-548E0591D4EB}.Release|Any CPU.ActiveCfg = Release|Any CPU
		{A297B4A3-D1C3-4F39-99E3-548E0591D4EB}.Release|Any CPU.Build.0 = Release|Any CPU
		{A297B4A3-D1C3-4F39-99E3-548E0591D4EB}.Release|x64.ActiveCfg = Release|Any CPU
		{A297B4A3-D1C3-4F39-99E3-548E0591D4EB}.Release|x64.Build.0 = Release|Any CPU
		{A297B4A3-D1C3-4F39-99E3-548E0591D4EB}.Release|x86.ActiveCfg = Release|Any CPU
		{A297B4A3-D1C3-4F39-99E3-548E0591D4EB}.Release|x86.Build.0 = Release|Any CPU
		{1CB1B4BF-4D37-4B86-BCE7-C4B7582F7283}.Debug|Any CPU.ActiveCfg = Debug|Any CPU
		{1CB1B4BF-4D37-4B86-BCE7-C4B7582F7283}.Debug|Any CPU.Build.0 = Debug|Any CPU
		{1CB1B4BF-4D37-4B86-BCE7-C4B7582F7283}.Debug|x64.ActiveCfg = Debug|Any CPU
		{1CB1B4BF-4D37-4B86-BCE7-C4B7582F7283}.Debug|x64.Build.0 = Debug|Any CPU
		{1CB1B4BF-4D37-4B86-BCE7-C4B7582F7283}.Debug|x86.ActiveCfg = Debug|Any CPU
		{1CB1B4BF-4D37-4B86-BCE7-C4B7582F7283}.Debug|x86.Build.0 = Debug|Any CPU
		{1CB1B4BF-4D37-4B86-BCE7-C4B7582F7283}.Release|Any CPU.ActiveCfg = Release|Any CPU
		{1CB1B4BF-4D37-4B86-BCE7-C4B7582F7283}.Release|Any CPU.Build.0 = Release|Any CPU
		{1CB1B4BF-4D37-4B86-BCE7-C4B7582F7283}.Release|x64.ActiveCfg = Release|Any CPU
		{1CB1B4BF-4D37-4B86-BCE7-C4B7582F7283}.Release|x64.Build.0 = Release|Any CPU
		{1CB1B4BF-4D37-4B86-BCE7-C4B7582F7283}.Release|x86.ActiveCfg = Release|Any CPU
		{1CB1B4BF-4D37-4B86-BCE7-C4B7582F7283}.Release|x86.Build.0 = Release|Any CPU
		{97247736-E30D-4ED8-83D7-BB70D3492C8B}.Debug|Any CPU.ActiveCfg = Debug|Any CPU
		{97247736-E30D-4ED8-83D7-BB70D3492C8B}.Debug|Any CPU.Build.0 = Debug|Any CPU
		{97247736-E30D-4ED8-83D7-BB70D3492C8B}.Debug|x64.ActiveCfg = Debug|Any CPU
		{97247736-E30D-4ED8-83D7-BB70D3492C8B}.Debug|x64.Build.0 = Debug|Any CPU
		{97247736-E30D-4ED8-83D7-BB70D3492C8B}.Debug|x86.ActiveCfg = Debug|Any CPU
		{97247736-E30D-4ED8-83D7-BB70D3492C8B}.Debug|x86.Build.0 = Debug|Any CPU
		{97247736-E30D-4ED8-83D7-BB70D3492C8B}.Release|Any CPU.ActiveCfg = Release|Any CPU
		{97247736-E30D-4ED8-83D7-BB70D3492C8B}.Release|Any CPU.Build.0 = Release|Any CPU
		{97247736-E30D-4ED8-83D7-BB70D3492C8B}.Release|x64.ActiveCfg = Release|Any CPU
		{97247736-E30D-4ED8-83D7-BB70D3492C8B}.Release|x64.Build.0 = Release|Any CPU
		{97247736-E30D-4ED8-83D7-BB70D3492C8B}.Release|x86.ActiveCfg = Release|Any CPU
		{97247736-E30D-4ED8-83D7-BB70D3492C8B}.Release|x86.Build.0 = Release|Any CPU
		{310388E2-9047-4BE4-8F0E-23FB061F8A74}.Debug|Any CPU.ActiveCfg = Debug|Any CPU
		{310388E2-9047-4BE4-8F0E-23FB061F8A74}.Debug|Any CPU.Build.0 = Debug|Any CPU
		{310388E2-9047-4BE4-8F0E-23FB061F8A74}.Debug|x64.ActiveCfg = Debug|Any CPU
		{310388E2-9047-4BE4-8F0E-23FB061F8A74}.Debug|x64.Build.0 = Debug|Any CPU
		{310388E2-9047-4BE4-8F0E-23FB061F8A74}.Debug|x86.ActiveCfg = Debug|Any CPU
		{310388E2-9047-4BE4-8F0E-23FB061F8A74}.Debug|x86.Build.0 = Debug|Any CPU
		{310388E2-9047-4BE4-8F0E-23FB061F8A74}.Release|Any CPU.ActiveCfg = Release|Any CPU
		{310388E2-9047-4BE4-8F0E-23FB061F8A74}.Release|Any CPU.Build.0 = Release|Any CPU
		{310388E2-9047-4BE4-8F0E-23FB061F8A74}.Release|x64.ActiveCfg = Release|Any CPU
		{310388E2-9047-4BE4-8F0E-23FB061F8A74}.Release|x64.Build.0 = Release|Any CPU
		{310388E2-9047-4BE4-8F0E-23FB061F8A74}.Release|x86.ActiveCfg = Release|Any CPU
		{310388E2-9047-4BE4-8F0E-23FB061F8A74}.Release|x86.Build.0 = Release|Any CPU
		{66866E35-E8A5-465A-8E17-862E41EBAC0A}.Debug|Any CPU.ActiveCfg = Debug|Any CPU
		{66866E35-E8A5-465A-8E17-862E41EBAC0A}.Debug|Any CPU.Build.0 = Debug|Any CPU
		{66866E35-E8A5-465A-8E17-862E41EBAC0A}.Debug|x64.ActiveCfg = Debug|Any CPU
		{66866E35-E8A5-465A-8E17-862E41EBAC0A}.Debug|x64.Build.0 = Debug|Any CPU
		{66866E35-E8A5-465A-8E17-862E41EBAC0A}.Debug|x86.ActiveCfg = Debug|Any CPU
		{66866E35-E8A5-465A-8E17-862E41EBAC0A}.Debug|x86.Build.0 = Debug|Any CPU
		{66866E35-E8A5-465A-8E17-862E41EBAC0A}.Release|Any CPU.ActiveCfg = Release|Any CPU
		{66866E35-E8A5-465A-8E17-862E41EBAC0A}.Release|Any CPU.Build.0 = Release|Any CPU
		{66866E35-E8A5-465A-8E17-862E41EBAC0A}.Release|x64.ActiveCfg = Release|Any CPU
		{66866E35-E8A5-465A-8E17-862E41EBAC0A}.Release|x64.Build.0 = Release|Any CPU
		{66866E35-E8A5-465A-8E17-862E41EBAC0A}.Release|x86.ActiveCfg = Release|Any CPU
		{66866E35-E8A5-465A-8E17-862E41EBAC0A}.Release|x86.Build.0 = Release|Any CPU
		{75DAB39E-4D7D-49A1-AAA0-6C3B80EA8E7F}.Debug|Any CPU.ActiveCfg = Debug|Any CPU
		{75DAB39E-4D7D-49A1-AAA0-6C3B80EA8E7F}.Debug|Any CPU.Build.0 = Debug|Any CPU
		{75DAB39E-4D7D-49A1-AAA0-6C3B80EA8E7F}.Debug|x64.ActiveCfg = Debug|Any CPU
		{75DAB39E-4D7D-49A1-AAA0-6C3B80EA8E7F}.Debug|x64.Build.0 = Debug|Any CPU
		{75DAB39E-4D7D-49A1-AAA0-6C3B80EA8E7F}.Debug|x86.ActiveCfg = Debug|Any CPU
		{75DAB39E-4D7D-49A1-AAA0-6C3B80EA8E7F}.Debug|x86.Build.0 = Debug|Any CPU
		{75DAB39E-4D7D-49A1-AAA0-6C3B80EA8E7F}.Release|Any CPU.ActiveCfg = Release|Any CPU
		{75DAB39E-4D7D-49A1-AAA0-6C3B80EA8E7F}.Release|Any CPU.Build.0 = Release|Any CPU
		{75DAB39E-4D7D-49A1-AAA0-6C3B80EA8E7F}.Release|x64.ActiveCfg = Release|Any CPU
		{75DAB39E-4D7D-49A1-AAA0-6C3B80EA8E7F}.Release|x64.Build.0 = Release|Any CPU
		{75DAB39E-4D7D-49A1-AAA0-6C3B80EA8E7F}.Release|x86.ActiveCfg = Release|Any CPU
		{75DAB39E-4D7D-49A1-AAA0-6C3B80EA8E7F}.Release|x86.Build.0 = Release|Any CPU
		{C634A1C2-C74B-42DF-93FB-6C02EB7D93C2}.Debug|Any CPU.ActiveCfg = Debug|Any CPU
		{C634A1C2-C74B-42DF-93FB-6C02EB7D93C2}.Debug|Any CPU.Build.0 = Debug|Any CPU
		{C634A1C2-C74B-42DF-93FB-6C02EB7D93C2}.Debug|x64.ActiveCfg = Debug|Any CPU
		{C634A1C2-C74B-42DF-93FB-6C02EB7D93C2}.Debug|x64.Build.0 = Debug|Any CPU
		{C634A1C2-C74B-42DF-93FB-6C02EB7D93C2}.Debug|x86.ActiveCfg = Debug|Any CPU
		{C634A1C2-C74B-42DF-93FB-6C02EB7D93C2}.Debug|x86.Build.0 = Debug|Any CPU
		{C634A1C2-C74B-42DF-93FB-6C02EB7D93C2}.Release|Any CPU.ActiveCfg = Release|Any CPU
		{C634A1C2-C74B-42DF-93FB-6C02EB7D93C2}.Release|Any CPU.Build.0 = Release|Any CPU
		{C634A1C2-C74B-42DF-93FB-6C02EB7D93C2}.Release|x64.ActiveCfg = Release|Any CPU
		{C634A1C2-C74B-42DF-93FB-6C02EB7D93C2}.Release|x64.Build.0 = Release|Any CPU
		{C634A1C2-C74B-42DF-93FB-6C02EB7D93C2}.Release|x86.ActiveCfg = Release|Any CPU
		{C634A1C2-C74B-42DF-93FB-6C02EB7D93C2}.Release|x86.Build.0 = Release|Any CPU
		{2910A61C-B54C-466C-BC3F-02B95C4CC4F7}.Debug|Any CPU.ActiveCfg = Debug|Any CPU
		{2910A61C-B54C-466C-BC3F-02B95C4CC4F7}.Debug|Any CPU.Build.0 = Debug|Any CPU
		{2910A61C-B54C-466C-BC3F-02B95C4CC4F7}.Debug|x64.ActiveCfg = Debug|Any CPU
		{2910A61C-B54C-466C-BC3F-02B95C4CC4F7}.Debug|x64.Build.0 = Debug|Any CPU
		{2910A61C-B54C-466C-BC3F-02B95C4CC4F7}.Debug|x86.ActiveCfg = Debug|Any CPU
		{2910A61C-B54C-466C-BC3F-02B95C4CC4F7}.Debug|x86.Build.0 = Debug|Any CPU
		{2910A61C-B54C-466C-BC3F-02B95C4CC4F7}.Release|Any CPU.ActiveCfg = Release|Any CPU
		{2910A61C-B54C-466C-BC3F-02B95C4CC4F7}.Release|Any CPU.Build.0 = Release|Any CPU
		{2910A61C-B54C-466C-BC3F-02B95C4CC4F7}.Release|x64.ActiveCfg = Release|Any CPU
		{2910A61C-B54C-466C-BC3F-02B95C4CC4F7}.Release|x64.Build.0 = Release|Any CPU
		{2910A61C-B54C-466C-BC3F-02B95C4CC4F7}.Release|x86.ActiveCfg = Release|Any CPU
		{2910A61C-B54C-466C-BC3F-02B95C4CC4F7}.Release|x86.Build.0 = Release|Any CPU
	EndGlobalSection
	GlobalSection(SolutionProperties) = preSolution
		HideSolutionNode = FALSE
	EndGlobalSection
	GlobalSection(NestedProjects) = preSolution
		{FC3EE780-8B0D-45CE-ADEF-81194B7C0AE9} = {827E0CD3-B72D-47B6-A68D-7590B98EB39B}
		{9515AD02-70A7-4D5B-B319-BA526845A13D} = {827E0CD3-B72D-47B6-A68D-7590B98EB39B}
		{A297B4A3-D1C3-4F39-99E3-548E0591D4EB} = {0AB3BF05-4346-4AA6-1389-037BE0695223}
		{1CB1B4BF-4D37-4B86-BCE7-C4B7582F7283} = {0AB3BF05-4346-4AA6-1389-037BE0695223}
		{97247736-E30D-4ED8-83D7-BB70D3492C8B} = {827E0CD3-B72D-47B6-A68D-7590B98EB39B}
		{310388E2-9047-4BE4-8F0E-23FB061F8A74} = {0AB3BF05-4346-4AA6-1389-037BE0695223}
		{66866E35-E8A5-465A-8E17-862E41EBAC0A} = {827E0CD3-B72D-47B6-A68D-7590B98EB39B}
		{75DAB39E-4D7D-49A1-AAA0-6C3B80EA8E7F} = {0AB3BF05-4346-4AA6-1389-037BE0695223}
		{C634A1C2-C74B-42DF-93FB-6C02EB7D93C2} = {827E0CD3-B72D-47B6-A68D-7590B98EB39B}
		{2910A61C-B54C-466C-BC3F-02B95C4CC4F7} = {0AB3BF05-4346-4AA6-1389-037BE0695223}
	EndGlobalSection
EndGlobal
